// !$*UTF8*$!
{
	archiveVersion = 1;
	classes = {
	};
	objectVersion = 46;
	objects = {

/* Begin PBXBuildFile section */
		ACEB763C1D2CCB8A00BE8BEB /* AppDelegate.swift in Sources */ = {isa = PBXBuildFile; fileRef = ACEB763B1D2CCB8A00BE8BEB /* AppDelegate.swift */; };
		ACEB763E1D2CCB8A00BE8BEB /* RecordSoundsViewController.swift in Sources */ = {isa = PBXBuildFile; fileRef = ACEB763D1D2CCB8A00BE8BEB /* RecordSoundsViewController.swift */; };
		ACEB76411D2CCB8A00BE8BEB /* Main.storyboard in Resources */ = {isa = PBXBuildFile; fileRef = ACEB763F1D2CCB8A00BE8BEB /* Main.storyboard */; };
		ACEB76431D2CCB8A00BE8BEB /* Assets.xcassets in Resources */ = {isa = PBXBuildFile; fileRef = ACEB76421D2CCB8A00BE8BEB /* Assets.xcassets */; };
		ACEB76461D2CCB8A00BE8BEB /* LaunchScreen.storyboard in Resources */ = {isa = PBXBuildFile; fileRef = ACEB76441D2CCB8A00BE8BEB /* LaunchScreen.storyboard */; };
		ACEB76511D2CCB8B00BE8BEB /* PitchPerfectTests.swift in Sources */ = {isa = PBXBuildFile; fileRef = ACEB76501D2CCB8B00BE8BEB /* PitchPerfectTests.swift */; };
		ACEB765C1D2CCB8B00BE8BEB /* PitchPerfectUITests.swift in Sources */ = {isa = PBXBuildFile; fileRef = ACEB765B1D2CCB8B00BE8BEB /* PitchPerfectUITests.swift */; };
		ACEB766A1D347BEA00BE8BEB /* PlaySoundViewController.swift in Sources */ = {isa = PBXBuildFile; fileRef = ACEB76691D347BEA00BE8BEB /* PlaySoundViewController.swift */; };
		ACEB766C1D34A2E400BE8BEB /* PlaySoundsViewController+Audio.swift in Sources */ = {isa = PBXBuildFile; fileRef = ACEB766B1D34A2E400BE8BEB /* PlaySoundsViewController+Audio.swift */; };
/* End PBXBuildFile section */

/* Begin PBXContainerItemProxy section */
		ACEB764D1D2CCB8B00BE8BEB /* PBXContainerItemProxy */ = {
			isa = PBXContainerItemProxy;
			containerPortal = ACEB76301D2CCB8A00BE8BEB /* Project object */;
			proxyType = 1;
			remoteGlobalIDString = ACEB76371D2CCB8A00BE8BEB;
			remoteInfo = PitchPerfect;
		};
		ACEB76581D2CCB8B00BE8BEB /* PBXContainerItemProxy */ = {
			isa = PBXContainerItemProxy;
			containerPortal = ACEB76301D2CCB8A00BE8BEB /* Project object */;
			proxyType = 1;
			remoteGlobalIDString = ACEB76371D2CCB8A00BE8BEB;
			remoteInfo = PitchPerfect;
		};
/* End PBXContainerItemProxy section */

/* Begin PBXFileReference section */
		ACEB76381D2CCB8A00BE8BEB /* PitchPerfect.app */ = {isa = PBXFileReference; explicitFileType = wrapper.application; includeInIndex = 0; path = PitchPerfect.app; sourceTree = BUILT_PRODUCTS_DIR; };
		ACEB763B1D2CCB8A00BE8BEB /* AppDelegate.swift */ = {isa = PBXFileReference; lastKnownFileType = sourcecode.swift; path = AppDelegate.swift; sourceTree = "<group>"; };
		ACEB763D1D2CCB8A00BE8BEB /* RecordSoundsViewController.swift */ = {isa = PBXFileReference; lastKnownFileType = sourcecode.swift; path = RecordSoundsViewController.swift; sourceTree = "<group>"; };
		ACEB76401D2CCB8A00BE8BEB /* Base */ = {isa = PBXFileReference; lastKnownFileType = file.storyboard; name = Base; path = Base.lproj/Main.storyboard; sourceTree = "<group>"; };
		ACEB76421D2CCB8A00BE8BEB /* Assets.xcassets */ = {isa = PBXFileReference; lastKnownFileType = folder.assetcatalog; path = Assets.xcassets; sourceTree = "<group>"; };
		ACEB76451D2CCB8A00BE8BEB /* Base */ = {isa = PBXFileReference; lastKnownFileType = file.storyboard; name = Base; path = Base.lproj/LaunchScreen.storyboard; sourceTree = "<group>"; };
		ACEB76471D2CCB8A00BE8BEB /* Info.plist */ = {isa = PBXFileReference; lastKnownFileType = text.plist.xml; path = Info.plist; sourceTree = "<group>"; };
		ACEB764C1D2CCB8B00BE8BEB /* PitchPerfectTests.xctest */ = {isa = PBXFileReference; explicitFileType = wrapper.cfbundle; includeInIndex = 0; path = PitchPerfectTests.xctest; sourceTree = BUILT_PRODUCTS_DIR; };
		ACEB76501D2CCB8B00BE8BEB /* PitchPerfectTests.swift */ = {isa = PBXFileReference; lastKnownFileType = sourcecode.swift; path = PitchPerfectTests.swift; sourceTree = "<group>"; };
		ACEB76521D2CCB8B00BE8BEB /* Info.plist */ = {isa = PBXFileReference; lastKnownFileType = text.plist.xml; path = Info.plist; sourceTree = "<group>"; };
		ACEB76571D2CCB8B00BE8BEB /* PitchPerfectUITests.xctest */ = {isa = PBXFileReference; explicitFileType = wrapper.cfbundle; includeInIndex = 0; path = PitchPerfectUITests.xctest; sourceTree = BUILT_PRODUCTS_DIR; };
		ACEB765B1D2CCB8B00BE8BEB /* PitchPerfectUITests.swift */ = {isa = PBXFileReference; lastKnownFileType = sourcecode.swift; path = PitchPerfectUITests.swift; sourceTree = "<group>"; };
		ACEB765D1D2CCB8B00BE8BEB /* Info.plist */ = {isa = PBXFileReference; lastKnownFileType = text.plist.xml; path = Info.plist; sourceTree = "<group>"; };
		ACEB76691D347BEA00BE8BEB /* PlaySoundViewController.swift */ = {isa = PBXFileReference; fileEncoding = 4; lastKnownFileType = sourcecode.swift; path = PlaySoundViewController.swift; sourceTree = "<group>"; };
		ACEB766B1D34A2E400BE8BEB /* PlaySoundsViewController+Audio.swift */ = {isa = PBXFileReference; fileEncoding = 4; lastKnownFileType = sourcecode.swift; path = "PlaySoundsViewController+Audio.swift"; sourceTree = "<group>"; };
/* End PBXFileReference section */

/* Begin PBXFrameworksBuildPhase section */
		ACEB76351D2CCB8A00BE8BEB /* Frameworks */ = {
			isa = PBXFrameworksBuildPhase;
			buildActionMask = 2147483647;
			files = (
			);
			runOnlyForDeploymentPostprocessing = 0;
		};
		ACEB76491D2CCB8B00BE8BEB /* Frameworks */ = {
			isa = PBXFrameworksBuildPhase;
			buildActionMask = 2147483647;
			files = (
			);
			runOnlyForDeploymentPostprocessing = 0;
		};
		ACEB76541D2CCB8B00BE8BEB /* Frameworks */ = {
			isa = PBXFrameworksBuildPhase;
			buildActionMask = 2147483647;
			files = (
			);
			runOnlyForDeploymentPostprocessing = 0;
		};
/* End PBXFrameworksBuildPhase section */

/* Begin PBXGroup section */
		ACEB762F1D2CCB8A00BE8BEB = {
			isa = PBXGroup;
			children = (
				ACEB763A1D2CCB8A00BE8BEB /* PitchPerfect */,
				ACEB764F1D2CCB8B00BE8BEB /* PitchPerfectTests */,
				ACEB765A1D2CCB8B00BE8BEB /* PitchPerfectUITests */,
				ACEB76391D2CCB8A00BE8BEB /* Products */,
			);
			sourceTree = "<group>";
		};
		ACEB76391D2CCB8A00BE8BEB /* Products */ = {
			isa = PBXGroup;
			children = (
				ACEB76381D2CCB8A00BE8BEB /* PitchPerfect.app */,
				ACEB764C1D2CCB8B00BE8BEB /* PitchPerfectTests.xctest */,
				ACEB76571D2CCB8B00BE8BEB /* PitchPerfectUITests.xctest */,
			);
			name = Products;
			sourceTree = "<group>";
		};
		ACEB763A1D2CCB8A00BE8BEB /* PitchPerfect */ = {
			isa = PBXGroup;
			children = (
				ACEB766B1D34A2E400BE8BEB /* PlaySoundsViewController+Audio.swift */,
				ACEB763B1D2CCB8A00BE8BEB /* AppDelegate.swift */,
				ACEB763D1D2CCB8A00BE8BEB /* RecordSoundsViewController.swift */,
				ACEB763F1D2CCB8A00BE8BEB /* Main.storyboard */,
				ACEB76691D347BEA00BE8BEB /* PlaySoundViewController.swift */,
				ACEB76421D2CCB8A00BE8BEB /* Assets.xcassets */,
				ACEB76441D2CCB8A00BE8BEB /* LaunchScreen.storyboard */,
				ACEB76471D2CCB8A00BE8BEB /* Info.plist */,
			);
			path = PitchPerfect;
			sourceTree = "<group>";
		};
		ACEB764F1D2CCB8B00BE8BEB /* PitchPerfectTests */ = {
			isa = PBXGroup;
			children = (
				ACEB76501D2CCB8B00BE8BEB /* PitchPerfectTests.swift */,
				ACEB76521D2CCB8B00BE8BEB /* Info.plist */,
			);
			path = PitchPerfectTests;
			sourceTree = "<group>";
		};
		ACEB765A1D2CCB8B00BE8BEB /* PitchPerfectUITests */ = {
			isa = PBXGroup;
			children = (
				ACEB765B1D2CCB8B00BE8BEB /* PitchPerfectUITests.swift */,
				ACEB765D1D2CCB8B00BE8BEB /* Info.plist */,
			);
			path = PitchPerfectUITests;
			sourceTree = "<group>";
		};
/* End PBXGroup section */

/* Begin PBXNativeTarget section */
		ACEB76371D2CCB8A00BE8BEB /* PitchPerfect */ = {
			isa = PBXNativeTarget;
			buildConfigurationList = ACEB76601D2CCB8B00BE8BEB /* Build configuration list for PBXNativeTarget "PitchPerfect" */;
			buildPhases = (
				ACEB76341D2CCB8A00BE8BEB /* Sources */,
				ACEB76351D2CCB8A00BE8BEB /* Frameworks */,
				ACEB76361D2CCB8A00BE8BEB /* Resources */,
			);
			buildRules = (
			);
			dependencies = (
			);
			name = PitchPerfect;
			productName = PitchPerfect;
			productReference = ACEB76381D2CCB8A00BE8BEB /* PitchPerfect.app */;
			productType = "com.apple.product-type.application";
		};
		ACEB764B1D2CCB8B00BE8BEB /* PitchPerfectTests */ = {
			isa = PBXNativeTarget;
			buildConfigurationList = ACEB76631D2CCB8B00BE8BEB /* Build configuration list for PBXNativeTarget "PitchPerfectTests" */;
			buildPhases = (
				ACEB76481D2CCB8B00BE8BEB /* Sources */,
				ACEB76491D2CCB8B00BE8BEB /* Frameworks */,
				ACEB764A1D2CCB8B00BE8BEB /* Resources */,
			);
			buildRules = (
			);
			dependencies = (
				ACEB764E1D2CCB8B00BE8BEB /* PBXTargetDependency */,
			);
			name = PitchPerfectTests;
			productName = PitchPerfectTests;
			productReference = ACEB764C1D2CCB8B00BE8BEB /* PitchPerfectTests.xctest */;
			productType = "com.apple.product-type.bundle.unit-test";
		};
		ACEB76561D2CCB8B00BE8BEB /* PitchPerfectUITests */ = {
			isa = PBXNativeTarget;
			buildConfigurationList = ACEB76661D2CCB8B00BE8BEB /* Build configuration list for PBXNativeTarget "PitchPerfectUITests" */;
			buildPhases = (
				ACEB76531D2CCB8B00BE8BEB /* Sources */,
				ACEB76541D2CCB8B00BE8BEB /* Frameworks */,
				ACEB76551D2CCB8B00BE8BEB /* Resources */,
			);
			buildRules = (
			);
			dependencies = (
				ACEB76591D2CCB8B00BE8BEB /* PBXTargetDependency */,
			);
			name = PitchPerfectUITests;
			productName = PitchPerfectUITests;
			productReference = ACEB76571D2CCB8B00BE8BEB /* PitchPerfectUITests.xctest */;
			productType = "com.apple.product-type.bundle.ui-testing";
		};
/* End PBXNativeTarget section */

/* Begin PBXProject section */
		ACEB76301D2CCB8A00BE8BEB /* Project object */ = {
			isa = PBXProject;
			attributes = {
				LastSwiftUpdateCheck = 0730;
				LastUpgradeCheck = 0730;
				ORGANIZATIONNAME = "Mohammed Abdelrahman";
				TargetAttributes = {
					ACEB76371D2CCB8A00BE8BEB = {
						CreatedOnToolsVersion = 7.3.1;
					};
					ACEB764B1D2CCB8B00BE8BEB = {
						CreatedOnToolsVersion = 7.3.1;
						TestTargetID = ACEB76371D2CCB8A00BE8BEB;
					};
					ACEB76561D2CCB8B00BE8BEB = {
						CreatedOnToolsVersion = 7.3.1;
						TestTargetID = ACEB76371D2CCB8A00BE8BEB;
					};
				};
			};
			buildConfigurationList = ACEB76331D2CCB8A00BE8BEB /* Build configuration list for PBXProject "PitchPerfect" */;
			compatibilityVersion = "Xcode 3.2";
			developmentRegion = English;
			hasScannedForEncodings = 0;
			knownRegions = (
				en,
				Base,
			);
			mainGroup = ACEB762F1D2CCB8A00BE8BEB;
			productRefGroup = ACEB76391D2CCB8A00BE8BEB /* Products */;
			projectDirPath = "";
			projectRoot = "";
			targets = (
				ACEB76371D2CCB8A00BE8BEB /* PitchPerfect */,
				ACEB764B1D2CCB8B00BE8BEB /* PitchPerfectTests */,
				ACEB76561D2CCB8B00BE8BEB /* PitchPerfectUITests */,
			);
		};
/* End PBXProject section */

/* Begin PBXResourcesBuildPhase section */
		ACEB76361D2CCB8A00BE8BEB /* Resources */ = {
			isa = PBXResourcesBuildPhase;
			buildActionMask = 2147483647;
			files = (
				ACEB76461D2CCB8A00BE8BEB /* LaunchScreen.storyboard in Resources */,
				ACEB76431D2CCB8A00BE8BEB /* Assets.xcassets in Resources */,
				ACEB76411D2CCB8A00BE8BEB /* Main.storyboard in Resources */,
			);
			runOnlyForDeploymentPostprocessing = 0;
		};
		ACEB764A1D2CCB8B00BE8BEB /* Resources */ = {
			isa = PBXResourcesBuildPhase;
			buildActionMask = 2147483647;
			files = (
			);
			runOnlyForDeploymentPostprocessing = 0;
		};
		ACEB76551D2CCB8B00BE8BEB /* Resources */ = {
			isa = PBXResourcesBuildPhase;
			buildActionMask = 2147483647;
			files = (
			);
			runOnlyForDeploymentPostprocessing = 0;
		};
/* End PBXResourcesBuildPhase section */

/* Begin PBXSourcesBuildPhase section */
		ACEB76341D2CCB8A00BE8BEB /* Sources */ = {
			isa = PBXSourcesBuildPhase;
			buildActionMask = 2147483647;
			files = (
				ACEB763E1D2CCB8A00BE8BEB /* RecordSoundsViewController.swift in Sources */,
				ACEB766C1D34A2E400BE8BEB /* PlaySoundsViewController+Audio.swift in Sources */,
				ACEB766A1D347BEA00BE8BEB /* PlaySoundViewController.swift in Sources */,
				ACEB763C1D2CCB8A00BE8BEB /* AppDelegate.swift in Sources */,
			);
			runOnlyForDeploymentPostprocessing = 0;
		};
		ACEB76481D2CCB8B00BE8BEB /* Sources */ = {
			isa = PBXSourcesBuildPhase;
			buildActionMask = 2147483647;
			files = (
				ACEB76511D2CCB8B00BE8BEB /* PitchPerfectTests.swift in Sources */,
			);
			runOnlyForDeploymentPostprocessing = 0;
		};
		ACEB76531D2CCB8B00BE8BEB /* Sources */ = {
			isa = PBXSourcesBuildPhase;
			buildActionMask = 2147483647;
			files = (
				ACEB765C1D2CCB8B00BE8BEB /* PitchPerfectUITests.swift in Sources */,
			);
			runOnlyForDeploymentPostprocessing = 0;
		};
/* End PBXSourcesBuildPhase section */

/* Begin PBXTargetDependency section */
		ACEB764E1D2CCB8B00BE8BEB /* PBXTargetDependency */ = {
			isa = PBXTargetDependency;
			target = ACEB76371D2CCB8A00BE8BEB /* PitchPerfect */;
			targetProxy = ACEB764D1D2CCB8B00BE8BEB /* PBXContainerItemProxy */;
		};
		ACEB76591D2CCB8B00BE8BEB /* PBXTargetDependency */ = {
			isa = PBXTargetDependency;
			target = ACEB76371D2CCB8A00BE8BEB /* PitchPerfect */;
			targetProxy = ACEB76581D2CCB8B00BE8BEB /* PBXContainerItemProxy */;
		};
/* End PBXTargetDependency section */

/* Begin PBXVariantGroup section */
		ACEB763F1D2CCB8A00BE8BEB /* Main.storyboard */ = {
			isa = PBXVariantGroup;
			children = (
				ACEB76401D2CCB8A00BE8BEB /* Base */,
			);
			name = Main.storyboard;
			sourceTree = "<group>";
		};
		ACEB76441D2CCB8A00BE8BEB /* LaunchScreen.storyboard */ = {
			isa = PBXVariantGroup;
			children = (
				ACEB76451D2CCB8A00BE8BEB /* Base */,
			);
			name = LaunchScreen.storyboard;
			sourceTree = "<group>";
		};
/* End PBXVariantGroup section */

/* Begin XCBuildConfiguration section */
		ACEB765E1D2CCB8B00BE8BEB /* Debug */ = {
			isa = XCBuildConfiguration;
			buildSettings = {
				ALWAYS_SEARCH_USER_PATHS = NO;
				CLANG_ANALYZER_NONNULL = YES;
				CLANG_CXX_LANGUAGE_STANDARD = "gnu++0x";
				CLANG_CXX_LIBRARY = "libc++";
				CLANG_ENABLE_MODULES = YES;
				CLANG_ENABLE_OBJC_ARC = YES;
				CLANG_WARN_BOOL_CONVERSION = YES;
				CLANG_WARN_CONSTANT_CONVERSION = YES;
				CLANG_WARN_DIRECT_OBJC_ISA_USAGE = YES_ERROR;
				CLANG_WARN_EMPTY_BODY = YES;
				CLANG_WARN_ENUM_CONVERSION = YES;
				CLANG_WARN_INT_CONVERSION = YES;
				CLANG_WARN_OBJC_ROOT_CLASS = YES_ERROR;
				CLANG_WARN_UNREACHABLE_CODE = YES;
				CLANG_WARN__DUPLICATE_METHOD_MATCH = YES;
				"CODE_SIGN_IDENTITY[sdk=iphoneos*]" = "iPhone Developer";
				COPY_PHASE_STRIP = NO;
				DEBUG_INFORMATION_FORMAT = dwarf;
				ENABLE_STRICT_OBJC_MSGSEND = YES;
				ENABLE_TESTABILITY = YES;
				GCC_C_LANGUAGE_STANDARD = gnu99;
				GCC_DYNAMIC_NO_PIC = NO;
				GCC_NO_COMMON_BLOCKS = YES;
				GCC_OPTIMIZATION_LEVEL = 0;
				GCC_PREPROCESSOR_DEFINITIONS = (
					"DEBUG=1",
					"$(inherited)",
				);
				GCC_WARN_64_TO_32_BIT_CONVERSION = YES;
				GCC_WARN_ABOUT_RETURN_TYPE = YES_ERROR;
				GCC_WARN_UNDECLARED_SELECTOR = YES;
				GCC_WARN_UNINITIALIZED_AUTOS = YES_AGGRESSIVE;
				GCC_WARN_UNUSED_FUNCTION = YES;
				GCC_WARN_UNUSED_VARIABLE = YES;
				IPHONEOS_DEPLOYMENT_TARGET = 9.3;
				MTL_ENABLE_DEBUG_INFO = YES;
				ONLY_ACTIVE_ARCH = YES;
				SDKROOT = iphoneos;
				SWIFT_OPTIMIZATION_LEVEL = "-Onone";
				TARGETED_DEVICE_FAMILY = "1,2";
			};
			name = Debug;
		};
		ACEB765F1D2CCB8B00BE8BEB /* Release */ = {
			isa = XCBuildConfiguration;
			buildSettings = {
				ALWAYS_SEARCH_USER_PATHS = NO;
				CLANG_ANALYZER_NONNULL = YES;
				CLANG_CXX_LANGUAGE_STANDARD = "gnu++0x";
				CLANG_CXX_LIBRARY = "libc++";
				CLANG_ENABLE_MODULES = YES;
				CLANG_ENABLE_OBJC_ARC = YES;
				CLANG_WARN_BOOL_CONVERSION = YES;
				CLANG_WARN_CONSTANT_CONVERSION = YES;
				CLANG_WARN_DIRECT_OBJC_ISA_USAGE = YES_ERROR;
				CLANG_WARN_EMPTY_BODY = YES;
				CLANG_WARN_ENUM_CONVERSION = YES;
				CLANG_WARN_INT_CONVERSION = YES;
				CLANG_WARN_OBJC_ROOT_CLASS = YES_ERROR;
				CLANG_WARN_UNREACHABLE_CODE = YES;
				CLANG_WARN__DUPLICATE_METHOD_MATCH = YES;
				"CODE_SIGN_IDENTITY[sdk=iphoneos*]" = "iPhone Developer";
				COPY_PHASE_STRIP = NO;
				DEBUG_INFORMATION_FORMAT = "dwarf-with-dsym";
				ENABLE_NS_ASSERTIONS = NO;
				ENABLE_STRICT_OBJC_MSGSEND = YES;
				GCC_C_LANGUAGE_STANDARD = gnu99;
				GCC_NO_COMMON_BLOCKS = YES;
				GCC_WARN_64_TO_32_BIT_CONVERSION = YES;
				GCC_WARN_ABOUT_RETURN_TYPE = YES_ERROR;
				GCC_WARN_UNDECLARED_SELECTOR = YES;
				GCC_WARN_UNINITIALIZED_AUTOS = YES_AGGRESSIVE;
				GCC_WARN_UNUSED_FUNCTION = YES;
				GCC_WARN_UNUSED_VARIABLE = YES;
				IPHONEOS_DEPLOYMENT_TARGET = 9.3;
				MTL_ENABLE_DEBUG_INFO = NO;
				SDKROOT = iphoneos;
				TARGETED_DEVICE_FAMILY = "1,2";
				VALIDATE_PRODUCT = YES;
			};
			name = Release;
		};
		ACEB76611D2CCB8B00BE8BEB /* Debug */ = {
			isa = XCBuildConfiguration;
			buildSettings = {
				ASSETCATALOG_COMPILER_APPICON_NAME = AppIcon;
				CODE_SIGN_IDENTITY = "iPhone Developer";
				"CODE_SIGN_IDENTITY[sdk=iphoneos*]" = "iPhone Developer";
				INFOPLIST_FILE = PitchPerfect/Info.plist;
				LD_RUNPATH_SEARCH_PATHS = "$(inherited) @executable_path/Frameworks";
				PRODUCT_BUNDLE_IDENTIFIER = com.udacity.PitchPerfect.moh;
				PRODUCT_NAME = "$(TARGET_NAME)";
				PROVISIONING_PROFILE = "";
			};
			name = Debug;
		};
		ACEB76621D2CCB8B00BE8BEB /* Release */ = {
			isa = XCBuildConfiguration;
			buildSettings = {
				ASSETCATALOG_COMPILER_APPICON_NAME = AppIcon;
				CODE_SIGN_IDENTITY = "iPhone Developer";
				"CODE_SIGN_IDENTITY[sdk=iphoneos*]" = "iPhone Developer";
				INFOPLIST_FILE = PitchPerfect/Info.plist;
				LD_RUNPATH_SEARCH_PATHS = "$(inherited) @executable_path/Frameworks";
				PRODUCT_BUNDLE_IDENTIFIER = com.udacity.PitchPerfect.moh;
				PRODUCT_NAME = "$(TARGET_NAME)";
				PROVISIONING_PROFILE = "";
			};
			name = Release;
		};
		ACEB76641D2CCB8B00BE8BEB /* Debug */ = {
			isa = XCBuildConfiguration;
			buildSettings = {
				BUNDLE_LOADER = "$(TEST_HOST)";
				INFOPLIST_FILE = PitchPerfectTests/Info.plist;
				LD_RUNPATH_SEARCH_PATHS = "$(inherited) @executable_path/Frameworks @loader_path/Frameworks";
				PRODUCT_BUNDLE_IDENTIFIER = com.udacity.PitchPerfectTests;
				PRODUCT_NAME = "$(TARGET_NAME)";
				TEST_HOST = "$(BUILT_PRODUCTS_DIR)/PitchPerfect.app/PitchPerfect";
			};
			name = Debug;
		};
		ACEB76651D2CCB8B00BE8BEB /* Release */ = {
			isa = XCBuildConfiguration;
			buildSettings = {
				BUNDLE_LOADER = "$(TEST_HOST)";
				INFOPLIST_FILE = PitchPerfectTests/Info.plist;
				LD_RUNPATH_SEARCH_PATHS = "$(inherited) @executable_path/Frameworks @loader_path/Frameworks";
				PRODUCT_BUNDLE_IDENTIFIER = com.udacity.PitchPerfectTests;
				PRODUCT_NAME = "$(TARGET_NAME)";
				TEST_HOST = "$(BUILT_PRODUCTS_DIR)/PitchPerfect.app/PitchPerfect";
			};
			name = Release;
		};
		ACEB76671D2CCB8B00BE8BEB /* Debug */ = {
			isa = XCBuildConfiguration;
			buildSettings = {
				INFOPLIST_FILE = PitchPerfectUITests/Info.plist;
				LD_RUNPATH_SEARCH_PATHS = "$(inherited) @executable_path/Frameworks @loader_path/Frameworks";
				PRODUCT_BUNDLE_IDENTIFIER = com.udacity.PitchPerfectUITests;
				PRODUCT_NAME = "$(TARGET_NAME)";
				TEST_TARGET_NAME = PitchPerfect;
			};
			name = Debug;
		};
		ACEB76681D2CCB8B00BE8BEB /* Release */ = {
			isa = XCBuildConfiguration;
			buildSettings = {
				INFOPLIST_FILE = PitchPerfectUITests/Info.plist;
				LD_RUNPATH_SEARCH_PATHS = "$(inherited) @executable_path/Frameworks @loader_path/Frameworks";
				PRODUCT_BUNDLE_IDENTIFIER = com.udacity.PitchPerfectUITests;
				PRODUCT_NAME = "$(TARGET_NAME)";
				TEST_TARGET_NAME = PitchPerfect;
			};
			name = Release;
		};
/* End XCBuildConfiguration section */

/* Begin XCConfigurationList section */
		ACEB76331D2CCB8A00BE8BEB /* Build configuration list for PBXProject "PitchPerfect" */ = {
			isa = XCConfigurationList;
			buildConfigurations = (
				ACEB765E1D2CCB8B00BE8BEB /* Debug */,
				ACEB765F1D2CCB8B00BE8BEB /* Release */,
			);
			defaultConfigurationIsVisible = 0;
			defaultConfigurationName = Release;
		};
		ACEB76601D2CCB8B00BE8BEB /* Build configuration list for PBXNativeTarget "PitchPerfect" */ = {
			isa = XCConfigurationList;
			buildConfigurations = (
				ACEB76611D2CCB8B00BE8BEB /* Debug */,
				ACEB76621D2CCB8B00BE8BEB /* Release */,
			);
			defaultConfigurationIsVisible = 0;
		};
		ACEB76631D2CCB8B00BE8BEB /* Build configuration list for PBXNativeTarget "PitchPerfectTests" */ = {
			isa = XCConfigurationList;
			buildConfigurations = (
				ACEB76641D2CCB8B00BE8BEB /* Debug */,
				ACEB76651D2CCB8B00BE8BEB /* Release */,
			);
			defaultConfigurationIsVisible = 0;
		};
		ACEB76661D2CCB8B00BE8BEB /* Build configuration list for PBXNativeTarget "PitchPerfectUITests" */ = {
			isa = XCConfigurationList;
			buildConfigurations = (
				ACEB76671D2CCB8B00BE8BEB /* Debug */,
				ACEB76681D2CCB8B00BE8BEB /* Release */,
			);
			defaultConfigurationIsVisible = 0;
		};
/* End XCConfigurationList section */
	};
	rootObject = ACEB76301D2CCB8A00BE8BEB /* Project object */;
}
